// !$*UTF8*$!
{
	archiveVersion = 1;
	classes = {
	};
	objectVersion = 46;
	objects = {

/* Begin PBXBuildFile section */
		046D42611E9DCDC800624E77 /* AppDelegate.swift in Sources */ = {isa = PBXBuildFile; fileRef = 046D42601E9DCDC800624E77 /* AppDelegate.swift */; };
		046D42631E9DCDC800624E77 /* ViewController.swift in Sources */ = {isa = PBXBuildFile; fileRef = 046D42621E9DCDC800624E77 /* ViewController.swift */; };
		046D42661E9DCDC800624E77 /* Main.storyboard in Resources */ = {isa = PBXBuildFile; fileRef = 046D42641E9DCDC800624E77 /* Main.storyboard */; };
		046D42681E9DCDC800624E77 /* Assets.xcassets in Resources */ = {isa = PBXBuildFile; fileRef = 046D42671E9DCDC800624E77 /* Assets.xcassets */; };
		046D426B1E9DCDC800624E77 /* LaunchScreen.storyboard in Resources */ = {isa = PBXBuildFile; fileRef = 046D42691E9DCDC800624E77 /* LaunchScreen.storyboard */; };
		046D42761E9DCDC800624E77 /* SoupReaderTests.swift in Sources */ = {isa = PBXBuildFile; fileRef = 046D42751E9DCDC800624E77 /* SoupReaderTests.swift */; };
		046D42811E9DCDC800624E77 /* SoupReaderUITests.swift in Sources */ = {isa = PBXBuildFile; fileRef = 046D42801E9DCDC800624E77 /* SoupReaderUITests.swift */; };
/* End PBXBuildFile section */

/* Begin PBXContainerItemProxy section */
		046D42721E9DCDC800624E77 /* PBXContainerItemProxy */ = {
			isa = PBXContainerItemProxy;
			containerPortal = 046D42551E9DCDC800624E77 /* Project object */;
			proxyType = 1;
			remoteGlobalIDString = 046D425C1E9DCDC800624E77;
			remoteInfo = SoupReader;
		};
		046D427D1E9DCDC800624E77 /* PBXContainerItemProxy */ = {
			isa = PBXContainerItemProxy;
			containerPortal = 046D42551E9DCDC800624E77 /* Project object */;
			proxyType = 1;
			remoteGlobalIDString = 046D425C1E9DCDC800624E77;
			remoteInfo = SoupReader;
		};
/* End PBXContainerItemProxy section */

/* Begin PBXFileReference section */
		046D425D1E9DCDC800624E77 /* SoupReader.app */ = {isa = PBXFileReference; explicitFileType = wrapper.application; includeInIndex = 0; path = SoupReader.app; sourceTree = BUILT_PRODUCTS_DIR; };
		046D42601E9DCDC800624E77 /* AppDelegate.swift */ = {isa = PBXFileReference; lastKnownFileType = sourcecode.swift; path = AppDelegate.swift; sourceTree = "<group>"; };
		046D42621E9DCDC800624E77 /* ViewController.swift */ = {isa = PBXFileReference; lastKnownFileType = sourcecode.swift; path = ViewController.swift; sourceTree = "<group>"; };
		046D42651E9DCDC800624E77 /* Base */ = {isa = PBXFileReference; lastKnownFileType = file.storyboard; name = Base; path = Base.lproj/Main.storyboard; sourceTree = "<group>"; };
		046D42671E9DCDC800624E77 /* Assets.xcassets */ = {isa = PBXFileReference; lastKnownFileType = folder.assetcatalog; path = Assets.xcassets; sourceTree = "<group>"; };
		046D426A1E9DCDC800624E77 /* Base */ = {isa = PBXFileReference; lastKnownFileType = file.storyboard; name = Base; path = Base.lproj/LaunchScreen.storyboard; sourceTree = "<group>"; };
		046D426C1E9DCDC800624E77 /* Info.plist */ = {isa = PBXFileReference; lastKnownFileType = text.plist.xml; path = Info.plist; sourceTree = "<group>"; };
		046D42711E9DCDC800624E77 /* SoupReaderTests.xctest */ = {isa = PBXFileReference; explicitFileType = wrapper.cfbundle; includeInIndex = 0; path = SoupReaderTests.xctest; sourceTree = BUILT_PRODUCTS_DIR; };
		046D42751E9DCDC800624E77 /* SoupReaderTests.swift */ = {isa = PBXFileReference; lastKnownFileType = sourcecode.swift; path = SoupReaderTests.swift; sourceTree = "<group>"; };
		046D42771E9DCDC800624E77 /* Info.plist */ = {isa = PBXFileReference; lastKnownFileType = text.plist.xml; path = Info.plist; sourceTree = "<group>"; };
		046D427C1E9DCDC800624E77 /* SoupReaderUITests.xctest */ = {isa = PBXFileReference; explicitFileType = wrapper.cfbundle; includeInIndex = 0; path = SoupReaderUITests.xctest; sourceTree = BUILT_PRODUCTS_DIR; };
		046D42801E9DCDC800624E77 /* SoupReaderUITests.swift */ = {isa = PBXFileReference; lastKnownFileType = sourcecode.swift; path = SoupReaderUITests.swift; sourceTree = "<group>"; };
		046D42821E9DCDC800624E77 /* Info.plist */ = {isa = PBXFileReference; lastKnownFileType = text.plist.xml; path = Info.plist; sourceTree = "<group>"; };
/* End PBXFileReference section */

/* Begin PBXFrameworksBuildPhase section */
		046D425A1E9DCDC800624E77 /* Frameworks */ = {
			isa = PBXFrameworksBuildPhase;
			buildActionMask = 2147483647;
			files = (
			);
			runOnlyForDeploymentPostprocessing = 0;
		};
		046D426E1E9DCDC800624E77 /* Frameworks */ = {
			isa = PBXFrameworksBuildPhase;
			buildActionMask = 2147483647;
			files = (
			);
			runOnlyForDeploymentPostprocessing = 0;
		};
		046D42791E9DCDC800624E77 /* Frameworks */ = {
			isa = PBXFrameworksBuildPhase;
			buildActionMask = 2147483647;
			files = (
			);
			runOnlyForDeploymentPostprocessing = 0;
		};
/* End PBXFrameworksBuildPhase section */

/* Begin PBXGroup section */
		046D42541E9DCDC800624E77 = {
			isa = PBXGroup;
			children = (
				046D425F1E9DCDC800624E77 /* SoupReader */,
				046D42741E9DCDC800624E77 /* SoupReaderTests */,
				046D427F1E9DCDC800624E77 /* SoupReaderUITests */,
				046D425E1E9DCDC800624E77 /* Products */,
			);
			sourceTree = "<group>";
		};
		046D425E1E9DCDC800624E77 /* Products */ = {
			isa = PBXGroup;
			children = (
				046D425D1E9DCDC800624E77 /* SoupReader.app */,
				046D42711E9DCDC800624E77 /* SoupReaderTests.xctest */,
				046D427C1E9DCDC800624E77 /* SoupReaderUITests.xctest */,
			);
			name = Products;
			sourceTree = "<group>";
		};
		046D425F1E9DCDC800624E77 /* SoupReader */ = {
			isa = PBXGroup;
			children = (
				046D42601E9DCDC800624E77 /* AppDelegate.swift */,
				046D42621E9DCDC800624E77 /* ViewController.swift */,
				046D42641E9DCDC800624E77 /* Main.storyboard */,
				046D42671E9DCDC800624E77 /* Assets.xcassets */,
				046D42691E9DCDC800624E77 /* LaunchScreen.storyboard */,
				046D426C1E9DCDC800624E77 /* Info.plist */,
			);
			path = SoupReader;
			sourceTree = "<group>";
		};
		046D42741E9DCDC800624E77 /* SoupReaderTests */ = {
			isa = PBXGroup;
			children = (
				046D42751E9DCDC800624E77 /* SoupReaderTests.swift */,
				046D42771E9DCDC800624E77 /* Info.plist */,
			);
			path = SoupReaderTests;
			sourceTree = "<group>";
		};
		046D427F1E9DCDC800624E77 /* SoupReaderUITests */ = {
			isa = PBXGroup;
			children = (
				046D42801E9DCDC800624E77 /* SoupReaderUITests.swift */,
				046D42821E9DCDC800624E77 /* Info.plist */,
			);
			path = SoupReaderUITests;
			sourceTree = "<group>";
		};
/* End PBXGroup section */

/* Begin PBXNativeTarget section */
		046D425C1E9DCDC800624E77 /* SoupReader */ = {
			isa = PBXNativeTarget;
			buildConfigurationList = 046D42851E9DCDC800624E77 /* Build configuration list for PBXNativeTarget "SoupReader" */;
			buildPhases = (
				046D42591E9DCDC800624E77 /* Sources */,
				046D425A1E9DCDC800624E77 /* Frameworks */,
				046D425B1E9DCDC800624E77 /* Resources */,
			);
			buildRules = (
			);
			dependencies = (
			);
			name = SoupReader;
			productName = SoupReader;
			productReference = 046D425D1E9DCDC800624E77 /* SoupReader.app */;
			productType = "com.apple.product-type.application";
		};
		046D42701E9DCDC800624E77 /* SoupReaderTests */ = {
			isa = PBXNativeTarget;
			buildConfigurationList = 046D42881E9DCDC800624E77 /* Build configuration list for PBXNativeTarget "SoupReaderTests" */;
			buildPhases = (
				046D426D1E9DCDC800624E77 /* Sources */,
				046D426E1E9DCDC800624E77 /* Frameworks */,
				046D426F1E9DCDC800624E77 /* Resources */,
			);
			buildRules = (
			);
			dependencies = (
				046D42731E9DCDC800624E77 /* PBXTargetDependency */,
			);
			name = SoupReaderTests;
			productName = SoupReaderTests;
			productReference = 046D42711E9DCDC800624E77 /* SoupReaderTests.xctest */;
			productType = "com.apple.product-type.bundle.unit-test";
		};
		046D427B1E9DCDC800624E77 /* SoupReaderUITests */ = {
			isa = PBXNativeTarget;
			buildConfigurationList = 046D428B1E9DCDC800624E77 /* Build configuration list for PBXNativeTarget "SoupReaderUITests" */;
			buildPhases = (
				046D42781E9DCDC800624E77 /* Sources */,
				046D42791E9DCDC800624E77 /* Frameworks */,
				046D427A1E9DCDC800624E77 /* Resources */,
			);
			buildRules = (
			);
			dependencies = (
				046D427E1E9DCDC800624E77 /* PBXTargetDependency */,
			);
			name = SoupReaderUITests;
			productName = SoupReaderUITests;
			productReference = 046D427C1E9DCDC800624E77 /* SoupReaderUITests.xctest */;
			productType = "com.apple.product-type.bundle.ui-testing";
		};
/* End PBXNativeTarget section */

/* Begin PBXProject section */
		046D42551E9DCDC800624E77 /* Project object */ = {
			isa = PBXProject;
			attributes = {
				LastSwiftUpdateCheck = 0830;
				LastUpgradeCheck = 0830;
				ORGANIZATIONNAME = "汤坤";
				TargetAttributes = {
					046D425C1E9DCDC800624E77 = {
						CreatedOnToolsVersion = 8.3.1;
						DevelopmentTeam = 56ZD4J8FQ5;
						ProvisioningStyle = Automatic;
					};
					046D42701E9DCDC800624E77 = {
						CreatedOnToolsVersion = 8.3.1;
						DevelopmentTeam = 56ZD4J8FQ5;
						ProvisioningStyle = Automatic;
						TestTargetID = 046D425C1E9DCDC800624E77;
					};
					046D427B1E9DCDC800624E77 = {
						CreatedOnToolsVersion = 8.3.1;
						DevelopmentTeam = 56ZD4J8FQ5;
						ProvisioningStyle = Automatic;
						TestTargetID = 046D425C1E9DCDC800624E77;
					};
				};
			};
			buildConfigurationList = 046D42581E9DCDC800624E77 /* Build configuration list for PBXProject "SoupReader" */;
			compatibilityVersion = "Xcode 3.2";
			developmentRegion = English;
			hasScannedForEncodings = 0;
			knownRegions = (
				en,
				Base,
			);
			mainGroup = 046D42541E9DCDC800624E77;
			productRefGroup = 046D425E1E9DCDC800624E77 /* Products */;
			projectDirPath = "";
			projectRoot = "";
			targets = (
				046D425C1E9DCDC800624E77 /* SoupReader */,
				046D42701E9DCDC800624E77 /* SoupReaderTests */,
				046D427B1E9DCDC800624E77 /* SoupReaderUITests */,
			);
		};
/* End PBXProject section */

/* Begin PBXResourcesBuildPhase section */
		046D425B1E9DCDC800624E77 /* Resources */ = {
			isa = PBXResourcesBuildPhase;
			buildActionMask = 2147483647;
			files = (
				046D426B1E9DCDC800624E77 /* LaunchScreen.storyboard in Resources */,
				046D42681E9DCDC800624E77 /* Assets.xcassets in Resources */,
				046D42661E9DCDC800624E77 /* Main.storyboard in Resources */,
			);
			runOnlyForDeploymentPostprocessing = 0;
		};
		046D426F1E9DCDC800624E77 /* Resources */ = {
			isa = PBXResourcesBuildPhase;
			buildActionMask = 2147483647;
			files = (
			);
			runOnlyForDeploymentPostprocessing = 0;
		};
		046D427A1E9DCDC800624E77 /* Resources */ = {
			isa = PBXResourcesBuildPhase;
			buildActionMask = 2147483647;
			files = (
			);
			runOnlyForDeploymentPostprocessing = 0;
		};
/* End PBXResourcesBuildPhase section */

/* Begin PBXSourcesBuildPhase section */
		046D42591E9DCDC800624E77 /* Sources */ = {
			isa = PBXSourcesBuildPhase;
			buildActionMask = 2147483647;
			files = (
				046D42631E9DCDC800624E77 /* ViewController.swift in Sources */,
				046D42611E9DCDC800624E77 /* AppDelegate.swift in Sources */,
			);
			runOnlyForDeploymentPostprocessing = 0;
		};
		046D426D1E9DCDC800624E77 /* Sources */ = {
			isa = PBXSourcesBuildPhase;
			buildActionMask = 2147483647;
			files = (
				046D42761E9DCDC800624E77 /* SoupReaderTests.swift in Sources */,
			);
			runOnlyForDeploymentPostprocessing = 0;
		};
		046D42781E9DCDC800624E77 /* Sources */ = {
			isa = PBXSourcesBuildPhase;
			buildActionMask = 2147483647;
			files = (
				046D42811E9DCDC800624E77 /* SoupReaderUITests.swift in Sources */,
			);
			runOnlyForDeploymentPostprocessing = 0;
		};
/* End PBXSourcesBuildPhase section */

/* Begin PBXTargetDependency section */
		046D42731E9DCDC800624E77 /* PBXTargetDependency */ = {
			isa = PBXTargetDependency;
			target = 046D425C1E9DCDC800624E77 /* SoupReader */;
			targetProxy = 046D42721E9DCDC800624E77 /* PBXContainerItemProxy */;
		};
		046D427E1E9DCDC800624E77 /* PBXTargetDependency */ = {
			isa = PBXTargetDependency;
			target = 046D425C1E9DCDC800624E77 /* SoupReader */;
			targetProxy = 046D427D1E9DCDC800624E77 /* PBXContainerItemProxy */;
		};
/* End PBXTargetDependency section */

/* Begin PBXVariantGroup section */
		046D42641E9DCDC800624E77 /* Main.storyboard */ = {
			isa = PBXVariantGroup;
			children = (
				046D42651E9DCDC800624E77 /* Base */,
			);
			name = Main.storyboard;
			sourceTree = "<group>";
		};
		046D42691E9DCDC800624E77 /* LaunchScreen.storyboard */ = {
			isa = PBXVariantGroup;
			children = (
				046D426A1E9DCDC800624E77 /* Base */,
			);
			name = LaunchScreen.storyboard;
			sourceTree = "<group>";
		};
/* End PBXVariantGroup section */

/* Begin XCBuildConfiguration section */
		046D42831E9DCDC800624E77 /* Debug */ = {
			isa = XCBuildConfiguration;
			buildSettings = {
				ALWAYS_SEARCH_USER_PATHS = NO;
				CLANG_ANALYZER_NONNULL = YES;
				CLANG_ANALYZER_NUMBER_OBJECT_CONVERSION = YES_AGGRESSIVE;
				CLANG_CXX_LANGUAGE_STANDARD = "gnu++0x";
				CLANG_CXX_LIBRARY = "libc++";
				CLANG_ENABLE_MODULES = YES;
				CLANG_ENABLE_OBJC_ARC = YES;
				CLANG_WARN_BOOL_CONVERSION = YES;
				CLANG_WARN_CONSTANT_CONVERSION = YES;
				CLANG_WARN_DIRECT_OBJC_ISA_USAGE = YES_ERROR;
				CLANG_WARN_DOCUMENTATION_COMMENTS = YES;
				CLANG_WARN_EMPTY_BODY = YES;
				CLANG_WARN_ENUM_CONVERSION = YES;
				CLANG_WARN_INFINITE_RECURSION = YES;
				CLANG_WARN_INT_CONVERSION = YES;
				CLANG_WARN_OBJC_ROOT_CLASS = YES_ERROR;
				CLANG_WARN_SUSPICIOUS_MOVE = YES;
				CLANG_WARN_UNREACHABLE_CODE = YES;
				CLANG_WARN__DUPLICATE_METHOD_MATCH = YES;
				"CODE_SIGN_IDENTITY[sdk=iphoneos*]" = "iPhone Developer";
				COPY_PHASE_STRIP = NO;
				DEBUG_INFORMATION_FORMAT = dwarf;
				ENABLE_STRICT_OBJC_MSGSEND = YES;
				ENABLE_TESTABILITY = YES;
				GCC_C_LANGUAGE_STANDARD = gnu99;
				GCC_DYNAMIC_NO_PIC = NO;
				GCC_NO_COMMON_BLOCKS = YES;
				GCC_OPTIMIZATION_LEVEL = 0;
				GCC_PREPROCESSOR_DEFINITIONS = (
					"DEBUG=1",
					"$(inherited)",
				);
				GCC_WARN_64_TO_32_BIT_CONVERSION = YES;
				GCC_WARN_ABOUT_RETURN_TYPE = YES_ERROR;
				GCC_WARN_UNDECLARED_SELECTOR = YES;
				GCC_WARN_UNINITIALIZED_AUTOS = YES_AGGRESSIVE;
				GCC_WARN_UNUSED_FUNCTION = YES;
				GCC_WARN_UNUSED_VARIABLE = YES;
				IPHONEOS_DEPLOYMENT_TARGET = 10.3;
				MTL_ENABLE_DEBUG_INFO = YES;
				ONLY_ACTIVE_ARCH = YES;
				SDKROOT = iphoneos;
				SWIFT_ACTIVE_COMPILATION_CONDITIONS = DEBUG;
				SWIFT_OPTIMIZATION_LEVEL = "-Onone";
				TARGETED_DEVICE_FAMILY = "1,2";
			};
			name = Debug;
		};
		046D42841E9DCDC800624E77 /* Release */ = {
			isa = XCBuildConfiguration;
			buildSettings = {
				ALWAYS_SEARCH_USER_PATHS = NO;
				CLANG_ANALYZER_NONNULL = YES;
				CLANG_ANALYZER_NUMBER_OBJECT_CONVERSION = YES_AGGRESSIVE;
				CLANG_CXX_LANGUAGE_STANDARD = "gnu++0x";
				CLANG_CXX_LIBRARY = "libc++";
				CLANG_ENABLE_MODULES = YES;
				CLANG_ENABLE_OBJC_ARC = YES;
				CLANG_WARN_BOOL_CONVERSION = YES;
				CLANG_WARN_CONSTANT_CONVERSION = YES;
				CLANG_WARN_DIRECT_OBJC_ISA_USAGE = YES_ERROR;
				CLANG_WARN_DOCUMENTATION_COMMENTS = YES;
				CLANG_WARN_EMPTY_BODY = YES;
				CLANG_WARN_ENUM_CONVERSION = YES;
				CLANG_WARN_INFINITE_RECURSION = YES;
				CLANG_WARN_INT_CONVERSION = YES;
				CLANG_WARN_OBJC_ROOT_CLASS = YES_ERROR;
				CLANG_WARN_SUSPICIOUS_MOVE = YES;
				CLANG_WARN_UNREACHABLE_CODE = YES;
				CLANG_WARN__DUPLICATE_METHOD_MATCH = YES;
				"CODE_SIGN_IDENTITY[sdk=iphoneos*]" = "iPhone Developer";
				COPY_PHASE_STRIP = NO;
				DEBUG_INFORMATION_FORMAT = "dwarf-with-dsym";
				ENABLE_NS_ASSERTIONS = NO;
				ENABLE_STRICT_OBJC_MSGSEND = YES;
				GCC_C_LANGUAGE_STANDARD = gnu99;
				GCC_NO_COMMON_BLOCKS = YES;
				GCC_WARN_64_TO_32_BIT_CONVERSION = YES;
				GCC_WARN_ABOUT_RETURN_TYPE = YES_ERROR;
				GCC_WARN_UNDECLARED_SELECTOR = YES;
				GCC_WARN_UNINITIALIZED_AUTOS = YES_AGGRESSIVE;
				GCC_WARN_UNUSED_FUNCTION = YES;
				GCC_WARN_UNUSED_VARIABLE = YES;
				IPHONEOS_DEPLOYMENT_TARGET = 10.3;
				MTL_ENABLE_DEBUG_INFO = NO;
				SDKROOT = iphoneos;
				SWIFT_OPTIMIZATION_LEVEL = "-Owholemodule";
				TARGETED_DEVICE_FAMILY = "1,2";
				VALIDATE_PRODUCT = YES;
			};
			name = Release;
		};
		046D42861E9DCDC800624E77 /* Debug */ = {
			isa = XCBuildConfiguration;
			buildSettings = {
				ASSETCATALOG_COMPILER_APPICON_NAME = AppIcon;
				DEVELOPMENT_TEAM = 56ZD4J8FQ5;
				INFOPLIST_FILE = SoupReader/Info.plist;
				LD_RUNPATH_SEARCH_PATHS = "$(inherited) @executable_path/Frameworks";
				PRODUCT_BUNDLE_IDENTIFIER = com.soup.SoupReader;
				PRODUCT_NAME = "$(TARGET_NAME)";
				SWIFT_VERSION = 3.0;
			};
			name = Debug;
		};
		046D42871E9DCDC800624E77 /* Release */ = {
			isa = XCBuildConfiguration;
			buildSettings = {
				ASSETCATALOG_COMPILER_APPICON_NAME = AppIcon;
				DEVELOPMENT_TEAM = 56ZD4J8FQ5;
				INFOPLIST_FILE = SoupReader/Info.plist;
				LD_RUNPATH_SEARCH_PATHS = "$(inherited) @executable_path/Frameworks";
				PRODUCT_BUNDLE_IDENTIFIER = com.soup.SoupReader;
				PRODUCT_NAME = "$(TARGET_NAME)";
				SWIFT_VERSION = 3.0;
			};
			name = Release;
		};
		046D42891E9DCDC800624E77 /* Debug */ = {
			isa = XCBuildConfiguration;
			buildSettings = {
				ALWAYS_EMBED_SWIFT_STANDARD_LIBRARIES = YES;
				BUNDLE_LOADER = "$(TEST_HOST)";
				DEVELOPMENT_TEAM = 56ZD4J8FQ5;
				INFOPLIST_FILE = SoupReaderTests/Info.plist;
				LD_RUNPATH_SEARCH_PATHS = "$(inherited) @executable_path/Frameworks @loader_path/Frameworks";
				PRODUCT_BUNDLE_IDENTIFIER = com.soup.SoupReaderTests;
				PRODUCT_NAME = "$(TARGET_NAME)";
				SWIFT_VERSION = 3.0;
				TEST_HOST = "$(BUILT_PRODUCTS_DIR)/SoupReader.app/SoupReader";
			};
			name = Debug;
		};
		046D428A1E9DCDC800624E77 /* Release */ = {
			isa = XCBuildConfiguration;
			buildSettings = {
				ALWAYS_EMBED_SWIFT_STANDARD_LIBRARIES = YES;
				BUNDLE_LOADER = "$(TEST_HOST)";
				DEVELOPMENT_TEAM = 56ZD4J8FQ5;
				INFOPLIST_FILE = SoupReaderTests/Info.plist;
				LD_RUNPATH_SEARCH_PATHS = "$(inherited) @executable_path/Frameworks @loader_path/Frameworks";
				PRODUCT_BUNDLE_IDENTIFIER = com.soup.SoupReaderTests;
				PRODUCT_NAME = "$(TARGET_NAME)";
				SWIFT_VERSION = 3.0;
				TEST_HOST = "$(BUILT_PRODUCTS_DIR)/SoupReader.app/SoupReader";
			};
			name = Release;
		};
		046D428C1E9DCDC800624E77 /* Debug */ = {
			isa = XCBuildConfiguration;
			buildSettings = {
				ALWAYS_EMBED_SWIFT_STANDARD_LIBRARIES = YES;
				DEVELOPMENT_TEAM = 56ZD4J8FQ5;
				INFOPLIST_FILE = SoupReaderUITests/Info.plist;
				LD_RUNPATH_SEARCH_PATHS = "$(inherited) @executable_path/Frameworks @loader_path/Frameworks";
				PRODUCT_BUNDLE_IDENTIFIER = com.soup.SoupReaderUITests;
				PRODUCT_NAME = "$(TARGET_NAME)";
				SWIFT_VERSION = 3.0;
				TEST_TARGET_NAME = SoupReader;
			};
			name = Debug;
		};
		046D428D1E9DCDC800624E77 /* Release */ = {
			isa = XCBuildConfiguration;
			buildSettings = {
				ALWAYS_EMBED_SWIFT_STANDARD_LIBRARIES = YES;
				DEVELOPMENT_TEAM = 56ZD4J8FQ5;
				INFOPLIST_FILE = SoupReaderUITests/Info.plist;
				LD_RUNPATH_SEARCH_PATHS = "$(inherited) @executable_path/Frameworks @loader_path/Frameworks";
				PRODUCT_BUNDLE_IDENTIFIER = com.soup.SoupReaderUITests;
				PRODUCT_NAME = "$(TARGET_NAME)";
				SWIFT_VERSION = 3.0;
				TEST_TARGET_NAME = SoupReader;
			};
			name = Release;
		};
/* End XCBuildConfiguration section */

/* Begin XCConfigurationList section */
		046D42581E9DCDC800624E77 /* Build configuration list for PBXProject "SoupReader" */ = {
			isa = XCConfigurationList;
			buildConfigurations = (
				046D42831E9DCDC800624E77 /* Debug */,
				046D42841E9DCDC800624E77 /* Release */,
			);
			defaultConfigurationIsVisible = 0;
			defaultConfigurationName = Release;
		};
		046D42851E9DCDC800624E77 /* Build configuration list for PBXNativeTarget "SoupReader" */ = {
			isa = XCConfigurationList;
			buildConfigurations = (
				046D42861E9DCDC800624E77 /* Debug */,
				046D42871E9DCDC800624E77 /* Release */,
			);
			defaultConfigurationIsVisible = 0;
		};
		046D42881E9DCDC800624E77 /* Build configuration list for PBXNativeTarget "SoupReaderTests" */ = {
			isa = XCConfigurationList;
			buildConfigurations = (
				046D42891E9DCDC800624E77 /* Debug */,
				046D428A1E9DCDC800624E77 /* Release */,
			);
			defaultConfigurationIsVisible = 0;
		};
		046D428B1E9DCDC800624E77 /* Build configuration list for PBXNativeTarget "SoupReaderUITests" */ = {
			isa = XCConfigurationList;
			buildConfigurations = (
				046D428C1E9DCDC800624E77 /* Debug */,
				046D428D1E9DCDC800624E77 /* Release */,
			);
			defaultConfigurationIsVisible = 0;
		};
/* End XCConfigurationList section */
	};
	rootObject = 046D42551E9DCDC800624E77 /* Project object */;
}
