// !$*UTF8*$!
{
	archiveVersion = 1;
	classes = {
	};
	objectVersion = 46;
	objects = {

/* Begin PBXBuildFile section */
		045FB4D51EA988CE00D552AA /* UIColorExtension.swift in Sources */ = {isa = PBXBuildFile; fileRef = 045FB4D41EA988CE00D552AA /* UIColorExtension.swift */; };
		045FB4F01EAA01FB00D552AA /* ImageViewController.swift in Sources */ = {isa = PBXBuildFile; fileRef = 045FB4EF1EAA01FB00D552AA /* ImageViewController.swift */; };
		046D42611E9DCDC800624E77 /* AppDelegate.swift in Sources */ = {isa = PBXBuildFile; fileRef = 046D42601E9DCDC800624E77 /* AppDelegate.swift */; };
		046D42631E9DCDC800624E77 /* ViewController.swift in Sources */ = {isa = PBXBuildFile; fileRef = 046D42621E9DCDC800624E77 /* ViewController.swift */; };
		046D42661E9DCDC800624E77 /* Main.storyboard in Resources */ = {isa = PBXBuildFile; fileRef = 046D42641E9DCDC800624E77 /* Main.storyboard */; };
		046D42681E9DCDC800624E77 /* Assets.xcassets in Resources */ = {isa = PBXBuildFile; fileRef = 046D42671E9DCDC800624E77 /* Assets.xcassets */; };
		046D426B1E9DCDC800624E77 /* LaunchScreen.storyboard in Resources */ = {isa = PBXBuildFile; fileRef = 046D42691E9DCDC800624E77 /* LaunchScreen.storyboard */; };
		046D42761E9DCDC800624E77 /* SoupReaderTests.swift in Sources */ = {isa = PBXBuildFile; fileRef = 046D42751E9DCDC800624E77 /* SoupReaderTests.swift */; };
		046D42811E9DCDC800624E77 /* SoupReaderUITests.swift in Sources */ = {isa = PBXBuildFile; fileRef = 046D42801E9DCDC800624E77 /* SoupReaderUITests.swift */; };
		046D42911E9DCFE800624E77 /* HttpClient.swift in Sources */ = {isa = PBXBuildFile; fileRef = 046D42901E9DCFE800624E77 /* HttpClient.swift */; };
		046D42941E9DD26D00624E77 /* Blog.storyboard in Resources */ = {isa = PBXBuildFile; fileRef = 046D42931E9DD26D00624E77 /* Blog.storyboard */; };
		046D42961E9DD28D00624E77 /* Discover.storyboard in Resources */ = {isa = PBXBuildFile; fileRef = 046D42951E9DD28D00624E77 /* Discover.storyboard */; };
		046D429C1E9DD5F700624E77 /* ViewControllerExtension.swift in Sources */ = {isa = PBXBuildFile; fileRef = 046D429B1E9DD5F700624E77 /* ViewControllerExtension.swift */; };
		046D429E1E9DD65D00624E77 /* StringExtension.swift in Sources */ = {isa = PBXBuildFile; fileRef = 046D429D1E9DD65D00624E77 /* StringExtension.swift */; };
		046D42A31E9E052700624E77 /* TagBean.swift in Sources */ = {isa = PBXBuildFile; fileRef = 046D42A21E9E052700624E77 /* TagBean.swift */; };
		046D42A81E9E0EB300624E77 /* BlogMainTableViewController.swift in Sources */ = {isa = PBXBuildFile; fileRef = 046D42A71E9E0EB300624E77 /* BlogMainTableViewController.swift */; };
		046D42AB1E9E101700624E77 /* BlogMainTableViewCell.swift in Sources */ = {isa = PBXBuildFile; fileRef = 046D42AA1E9E101700624E77 /* BlogMainTableViewCell.swift */; };
		046D42AD1E9E116700624E77 /* MainViewController.swift in Sources */ = {isa = PBXBuildFile; fileRef = 046D42AC1E9E116700624E77 /* MainViewController.swift */; };
		046D42BF1E9E294D00624E77 /* XPathQuery.m in Sources */ = {isa = PBXBuildFile; fileRef = 046D42B91E9E294D00624E77 /* XPathQuery.m */; };
		046D42C01E9E294D00624E77 /* TFHppleElement.m in Sources */ = {isa = PBXBuildFile; fileRef = 046D42BB1E9E294D00624E77 /* TFHppleElement.m */; };
		046D42C11E9E294D00624E77 /* TFHpple.m in Sources */ = {isa = PBXBuildFile; fileRef = 046D42BD1E9E294D00624E77 /* TFHpple.m */; };
		046D42C31E9E296E00624E77 /* libxml2.tbd in Frameworks */ = {isa = PBXBuildFile; fileRef = 046D42C21E9E296E00624E77 /* libxml2.tbd */; };
		046D42C61E9F09CD00624E77 /* DiscoverMainTableViewController.swift in Sources */ = {isa = PBXBuildFile; fileRef = 046D42C51E9F09CD00624E77 /* DiscoverMainTableViewController.swift */; };
		046D42C81E9F1D8300624E77 /* Setting.storyboard in Resources */ = {isa = PBXBuildFile; fileRef = 046D42C71E9F1D8300624E77 /* Setting.storyboard */; };
		046D42CB1E9F1ED000624E77 /* SettingTableViewController.swift in Sources */ = {isa = PBXBuildFile; fileRef = 046D42CA1E9F1ED000624E77 /* SettingTableViewController.swift */; };
		046D42CD1E9F5FD200624E77 /* ReadingViewController.swift in Sources */ = {isa = PBXBuildFile; fileRef = 046D42CC1E9F5FD200624E77 /* ReadingViewController.swift */; };
		046D42CF1E9F7B4B00624E77 /* ReadContext.swift in Sources */ = {isa = PBXBuildFile; fileRef = 046D42CE1E9F7B4B00624E77 /* ReadContext.swift */; };
		954FE5B9E6C717120F61F128 /* Pods_SoupReader.framework in Frameworks */ = {isa = PBXBuildFile; fileRef = 911F5F90788B3EB3A0677EC4 /* Pods_SoupReader.framework */; };
/* End PBXBuildFile section */

/* Begin PBXContainerItemProxy section */
		046D42721E9DCDC800624E77 /* PBXContainerItemProxy */ = {
			isa = PBXContainerItemProxy;
			containerPortal = 046D42551E9DCDC800624E77 /* Project object */;
			proxyType = 1;
			remoteGlobalIDString = 046D425C1E9DCDC800624E77;
			remoteInfo = SoupReader;
		};
		046D427D1E9DCDC800624E77 /* PBXContainerItemProxy */ = {
			isa = PBXContainerItemProxy;
			containerPortal = 046D42551E9DCDC800624E77 /* Project object */;
			proxyType = 1;
			remoteGlobalIDString = 046D425C1E9DCDC800624E77;
			remoteInfo = SoupReader;
		};
/* End PBXContainerItemProxy section */

/* Begin PBXFileReference section */
		045FB4D41EA988CE00D552AA /* UIColorExtension.swift */ = {isa = PBXFileReference; fileEncoding = 4; lastKnownFileType = sourcecode.swift; path = UIColorExtension.swift; sourceTree = "<group>"; };
		045FB4EF1EAA01FB00D552AA /* ImageViewController.swift */ = {isa = PBXFileReference; fileEncoding = 4; lastKnownFileType = sourcecode.swift; path = ImageViewController.swift; sourceTree = "<group>"; };
		046D425D1E9DCDC800624E77 /* SoupReader.app */ = {isa = PBXFileReference; explicitFileType = wrapper.application; includeInIndex = 0; path = SoupReader.app; sourceTree = BUILT_PRODUCTS_DIR; };
		046D42601E9DCDC800624E77 /* AppDelegate.swift */ = {isa = PBXFileReference; lastKnownFileType = sourcecode.swift; path = AppDelegate.swift; sourceTree = "<group>"; };
		046D42621E9DCDC800624E77 /* ViewController.swift */ = {isa = PBXFileReference; lastKnownFileType = sourcecode.swift; path = ViewController.swift; sourceTree = "<group>"; };
		046D42651E9DCDC800624E77 /* Base */ = {isa = PBXFileReference; lastKnownFileType = file.storyboard; name = Base; path = Base.lproj/Main.storyboard; sourceTree = "<group>"; };
		046D42671E9DCDC800624E77 /* Assets.xcassets */ = {isa = PBXFileReference; lastKnownFileType = folder.assetcatalog; path = Assets.xcassets; sourceTree = "<group>"; };
		046D426A1E9DCDC800624E77 /* Base */ = {isa = PBXFileReference; lastKnownFileType = file.storyboard; name = Base; path = Base.lproj/LaunchScreen.storyboard; sourceTree = "<group>"; };
		046D426C1E9DCDC800624E77 /* Info.plist */ = {isa = PBXFileReference; lastKnownFileType = text.plist.xml; path = Info.plist; sourceTree = "<group>"; };
		046D42711E9DCDC800624E77 /* SoupReaderTests.xctest */ = {isa = PBXFileReference; explicitFileType = wrapper.cfbundle; includeInIndex = 0; path = SoupReaderTests.xctest; sourceTree = BUILT_PRODUCTS_DIR; };
		046D42751E9DCDC800624E77 /* SoupReaderTests.swift */ = {isa = PBXFileReference; lastKnownFileType = sourcecode.swift; path = SoupReaderTests.swift; sourceTree = "<group>"; };
		046D42771E9DCDC800624E77 /* Info.plist */ = {isa = PBXFileReference; lastKnownFileType = text.plist.xml; path = Info.plist; sourceTree = "<group>"; };
		046D427C1E9DCDC800624E77 /* SoupReaderUITests.xctest */ = {isa = PBXFileReference; explicitFileType = wrapper.cfbundle; includeInIndex = 0; path = SoupReaderUITests.xctest; sourceTree = BUILT_PRODUCTS_DIR; };
		046D42801E9DCDC800624E77 /* SoupReaderUITests.swift */ = {isa = PBXFileReference; lastKnownFileType = sourcecode.swift; path = SoupReaderUITests.swift; sourceTree = "<group>"; };
		046D42821E9DCDC800624E77 /* Info.plist */ = {isa = PBXFileReference; lastKnownFileType = text.plist.xml; path = Info.plist; sourceTree = "<group>"; };
		046D428E1E9DCF3300624E77 /* OCHeader.h */ = {isa = PBXFileReference; lastKnownFileType = sourcecode.c.h; path = OCHeader.h; sourceTree = "<group>"; };
		046D42901E9DCFE800624E77 /* HttpClient.swift */ = {isa = PBXFileReference; fileEncoding = 4; lastKnownFileType = sourcecode.swift; path = HttpClient.swift; sourceTree = "<group>"; };
		046D42931E9DD26D00624E77 /* Blog.storyboard */ = {isa = PBXFileReference; fileEncoding = 4; lastKnownFileType = file.storyboard; path = Blog.storyboard; sourceTree = "<group>"; };
		046D42951E9DD28D00624E77 /* Discover.storyboard */ = {isa = PBXFileReference; fileEncoding = 4; lastKnownFileType = file.storyboard; path = Discover.storyboard; sourceTree = "<group>"; };
		046D429B1E9DD5F700624E77 /* ViewControllerExtension.swift */ = {isa = PBXFileReference; fileEncoding = 4; lastKnownFileType = sourcecode.swift; path = ViewControllerExtension.swift; sourceTree = "<group>"; };
		046D429D1E9DD65D00624E77 /* StringExtension.swift */ = {isa = PBXFileReference; fileEncoding = 4; lastKnownFileType = sourcecode.swift; path = StringExtension.swift; sourceTree = "<group>"; };
		046D42A21E9E052700624E77 /* TagBean.swift */ = {isa = PBXFileReference; fileEncoding = 4; lastKnownFileType = sourcecode.swift; path = TagBean.swift; sourceTree = "<group>"; };
		046D42A71E9E0EB300624E77 /* BlogMainTableViewController.swift */ = {isa = PBXFileReference; fileEncoding = 4; lastKnownFileType = sourcecode.swift; path = BlogMainTableViewController.swift; sourceTree = "<group>"; };
		046D42AA1E9E101700624E77 /* BlogMainTableViewCell.swift */ = {isa = PBXFileReference; fileEncoding = 4; lastKnownFileType = sourcecode.swift; path = BlogMainTableViewCell.swift; sourceTree = "<group>"; };
		046D42AC1E9E116700624E77 /* MainViewController.swift */ = {isa = PBXFileReference; fileEncoding = 4; lastKnownFileType = sourcecode.swift; path = MainViewController.swift; sourceTree = "<group>"; };
		046D42B91E9E294D00624E77 /* XPathQuery.m */ = {isa = PBXFileReference; fileEncoding = 4; lastKnownFileType = sourcecode.c.objc; path = XPathQuery.m; sourceTree = "<group>"; };
		046D42BA1E9E294D00624E77 /* XPathQuery.h */ = {isa = PBXFileReference; fileEncoding = 4; lastKnownFileType = sourcecode.c.h; path = XPathQuery.h; sourceTree = "<group>"; };
		046D42BB1E9E294D00624E77 /* TFHppleElement.m */ = {isa = PBXFileReference; fileEncoding = 4; lastKnownFileType = sourcecode.c.objc; path = TFHppleElement.m; sourceTree = "<group>"; };
		046D42BC1E9E294D00624E77 /* TFHppleElement.h */ = {isa = PBXFileReference; fileEncoding = 4; lastKnownFileType = sourcecode.c.h; path = TFHppleElement.h; sourceTree = "<group>"; };
		046D42BD1E9E294D00624E77 /* TFHpple.m */ = {isa = PBXFileReference; fileEncoding = 4; lastKnownFileType = sourcecode.c.objc; path = TFHpple.m; sourceTree = "<group>"; };
		046D42BE1E9E294D00624E77 /* TFHpple.h */ = {isa = PBXFileReference; fileEncoding = 4; lastKnownFileType = sourcecode.c.h; path = TFHpple.h; sourceTree = "<group>"; };
		046D42C21E9E296E00624E77 /* libxml2.tbd */ = {isa = PBXFileReference; lastKnownFileType = "sourcecode.text-based-dylib-definition"; name = libxml2.tbd; path = usr/lib/libxml2.tbd; sourceTree = SDKROOT; };
		046D42C51E9F09CD00624E77 /* DiscoverMainTableViewController.swift */ = {isa = PBXFileReference; fileEncoding = 4; lastKnownFileType = sourcecode.swift; path = DiscoverMainTableViewController.swift; sourceTree = "<group>"; };
		046D42C71E9F1D8300624E77 /* Setting.storyboard */ = {isa = PBXFileReference; fileEncoding = 4; lastKnownFileType = file.storyboard; path = Setting.storyboard; sourceTree = "<group>"; };
		046D42CA1E9F1ED000624E77 /* SettingTableViewController.swift */ = {isa = PBXFileReference; fileEncoding = 4; lastKnownFileType = sourcecode.swift; path = SettingTableViewController.swift; sourceTree = "<group>"; };
		046D42CC1E9F5FD200624E77 /* ReadingViewController.swift */ = {isa = PBXFileReference; fileEncoding = 4; lastKnownFileType = sourcecode.swift; path = ReadingViewController.swift; sourceTree = "<group>"; };
		046D42CE1E9F7B4B00624E77 /* ReadContext.swift */ = {isa = PBXFileReference; fileEncoding = 4; lastKnownFileType = sourcecode.swift; path = ReadContext.swift; sourceTree = "<group>"; };
		4F4498E3B7CD38B5BAA17598 /* Pods-SoupReader.debug.xcconfig */ = {isa = PBXFileReference; includeInIndex = 1; lastKnownFileType = text.xcconfig; name = "Pods-SoupReader.debug.xcconfig"; path = "Pods/Target Support Files/Pods-SoupReader/Pods-SoupReader.debug.xcconfig"; sourceTree = "<group>"; };
		911F5F90788B3EB3A0677EC4 /* Pods_SoupReader.framework */ = {isa = PBXFileReference; explicitFileType = wrapper.framework; includeInIndex = 0; path = Pods_SoupReader.framework; sourceTree = BUILT_PRODUCTS_DIR; };
		E329E4E24812A6BFD1D99A82 /* Pods-SoupReader.release.xcconfig */ = {isa = PBXFileReference; includeInIndex = 1; lastKnownFileType = text.xcconfig; name = "Pods-SoupReader.release.xcconfig"; path = "Pods/Target Support Files/Pods-SoupReader/Pods-SoupReader.release.xcconfig"; sourceTree = "<group>"; };
/* End PBXFileReference section */

/* Begin PBXFrameworksBuildPhase section */
		046D425A1E9DCDC800624E77 /* Frameworks */ = {
			isa = PBXFrameworksBuildPhase;
			buildActionMask = 2147483647;
			files = (
				046D42C31E9E296E00624E77 /* libxml2.tbd in Frameworks */,
				954FE5B9E6C717120F61F128 /* Pods_SoupReader.framework in Frameworks */,
			);
			runOnlyForDeploymentPostprocessing = 0;
		};
		046D426E1E9DCDC800624E77 /* Frameworks */ = {
			isa = PBXFrameworksBuildPhase;
			buildActionMask = 2147483647;
			files = (
			);
			runOnlyForDeploymentPostprocessing = 0;
		};
		046D42791E9DCDC800624E77 /* Frameworks */ = {
			isa = PBXFrameworksBuildPhase;
			buildActionMask = 2147483647;
			files = (
			);
			runOnlyForDeploymentPostprocessing = 0;
		};
/* End PBXFrameworksBuildPhase section */

/* Begin PBXGroup section */
		046D42541E9DCDC800624E77 = {
			isa = PBXGroup;
			children = (
				046D425F1E9DCDC800624E77 /* SoupReader */,
				046D42741E9DCDC800624E77 /* SoupReaderTests */,
				046D427F1E9DCDC800624E77 /* SoupReaderUITests */,
				046D425E1E9DCDC800624E77 /* Products */,
				EFFB0A0B78890E5AEA2E8DEE /* Pods */,
				F94FD851C1EC98E719DE8BCE /* Frameworks */,
			);
			sourceTree = "<group>";
		};
		046D425E1E9DCDC800624E77 /* Products */ = {
			isa = PBXGroup;
			children = (
				046D425D1E9DCDC800624E77 /* SoupReader.app */,
				046D42711E9DCDC800624E77 /* SoupReaderTests.xctest */,
				046D427C1E9DCDC800624E77 /* SoupReaderUITests.xctest */,
			);
			name = Products;
			sourceTree = "<group>";
		};
		046D425F1E9DCDC800624E77 /* SoupReader */ = {
			isa = PBXGroup;
			children = (
				046D42B81E9E292F00624E77 /* TFHpple */,
				046D42A51E9E0E9A00624E77 /* ViewController */,
				046D429F1E9E043C00624E77 /* Models */,
				046D429A1E9DD5D400624E77 /* Extension */,
				046D42921E9DD24C00624E77 /* Storyboard */,
				046D428F1E9DCFCA00624E77 /* Networking */,
				046D42601E9DCDC800624E77 /* AppDelegate.swift */,
				046D42621E9DCDC800624E77 /* ViewController.swift */,
				046D42671E9DCDC800624E77 /* Assets.xcassets */,
				046D42691E9DCDC800624E77 /* LaunchScreen.storyboard */,
				046D426C1E9DCDC800624E77 /* Info.plist */,
				046D428E1E9DCF3300624E77 /* OCHeader.h */,
			);
			path = SoupReader;
			sourceTree = "<group>";
		};
		046D42741E9DCDC800624E77 /* SoupReaderTests */ = {
			isa = PBXGroup;
			children = (
				046D42751E9DCDC800624E77 /* SoupReaderTests.swift */,
				046D42771E9DCDC800624E77 /* Info.plist */,
			);
			path = SoupReaderTests;
			sourceTree = "<group>";
		};
		046D427F1E9DCDC800624E77 /* SoupReaderUITests */ = {
			isa = PBXGroup;
			children = (
				046D42801E9DCDC800624E77 /* SoupReaderUITests.swift */,
				046D42821E9DCDC800624E77 /* Info.plist */,
			);
			path = SoupReaderUITests;
			sourceTree = "<group>";
		};
		046D428F1E9DCFCA00624E77 /* Networking */ = {
			isa = PBXGroup;
			children = (
				046D42901E9DCFE800624E77 /* HttpClient.swift */,
			);
			name = Networking;
			sourceTree = "<group>";
		};
		046D42921E9DD24C00624E77 /* Storyboard */ = {
			isa = PBXGroup;
			children = (
				046D42641E9DCDC800624E77 /* Main.storyboard */,
				046D42931E9DD26D00624E77 /* Blog.storyboard */,
				046D42951E9DD28D00624E77 /* Discover.storyboard */,
				046D42C71E9F1D8300624E77 /* Setting.storyboard */,
			);
			name = Storyboard;
			sourceTree = "<group>";
		};
		046D429A1E9DD5D400624E77 /* Extension */ = {
			isa = PBXGroup;
			children = (
				046D429B1E9DD5F700624E77 /* ViewControllerExtension.swift */,
				046D429D1E9DD65D00624E77 /* StringExtension.swift */,
				045FB4D41EA988CE00D552AA /* UIColorExtension.swift */,
			);
			name = Extension;
			sourceTree = "<group>";
		};
		046D429F1E9E043C00624E77 /* Models */ = {
			isa = PBXGroup;
			children = (
				046D42A21E9E052700624E77 /* TagBean.swift */,
				046D42CE1E9F7B4B00624E77 /* ReadContext.swift */,
			);
			name = Models;
			sourceTree = "<group>";
		};
		046D42A51E9E0E9A00624E77 /* ViewController */ = {
			isa = PBXGroup;
			children = (
				046D42C91E9F1E8300624E77 /* Setting */,
				046D42C41E9F09BB00624E77 /* Discover */,
				046D42A61E9E0EA200624E77 /* Blog */,
				046D42AC1E9E116700624E77 /* MainViewController.swift */,
			);
			name = ViewController;
			sourceTree = "<group>";
		};
		046D42A61E9E0EA200624E77 /* Blog */ = {
			isa = PBXGroup;
			children = (
				046D42A91E9E100400624E77 /* Cell */,
				046D42A71E9E0EB300624E77 /* BlogMainTableViewController.swift */,
				046D42CC1E9F5FD200624E77 /* ReadingViewController.swift */,
				045FB4EF1EAA01FB00D552AA /* ImageViewController.swift */,
			);
			name = Blog;
			sourceTree = "<group>";
		};
		046D42A91E9E100400624E77 /* Cell */ = {
			isa = PBXGroup;
			children = (
				046D42AA1E9E101700624E77 /* BlogMainTableViewCell.swift */,
			);
			name = Cell;
			sourceTree = "<group>";
		};
		046D42B81E9E292F00624E77 /* TFHpple */ = {
			isa = PBXGroup;
			children = (
				046D42B91E9E294D00624E77 /* XPathQuery.m */,
				046D42BA1E9E294D00624E77 /* XPathQuery.h */,
				046D42BB1E9E294D00624E77 /* TFHppleElement.m */,
				046D42BC1E9E294D00624E77 /* TFHppleElement.h */,
				046D42BD1E9E294D00624E77 /* TFHpple.m */,
				046D42BE1E9E294D00624E77 /* TFHpple.h */,
			);
			name = TFHpple;
			sourceTree = "<group>";
		};
		046D42C41E9F09BB00624E77 /* Discover */ = {
			isa = PBXGroup;
			children = (
				046D42C51E9F09CD00624E77 /* DiscoverMainTableViewController.swift */,
			);
			name = Discover;
			sourceTree = "<group>";
		};
		046D42C91E9F1E8300624E77 /* Setting */ = {
			isa = PBXGroup;
			children = (
				046D42CA1E9F1ED000624E77 /* SettingTableViewController.swift */,
			);
			name = Setting;
			sourceTree = "<group>";
		};
		EFFB0A0B78890E5AEA2E8DEE /* Pods */ = {
			isa = PBXGroup;
			children = (
				4F4498E3B7CD38B5BAA17598 /* Pods-SoupReader.debug.xcconfig */,
				E329E4E24812A6BFD1D99A82 /* Pods-SoupReader.release.xcconfig */,
			);
			name = Pods;
			sourceTree = "<group>";
		};
		F94FD851C1EC98E719DE8BCE /* Frameworks */ = {
			isa = PBXGroup;
			children = (
				046D42C21E9E296E00624E77 /* libxml2.tbd */,
				911F5F90788B3EB3A0677EC4 /* Pods_SoupReader.framework */,
			);
			name = Frameworks;
			sourceTree = "<group>";
		};
/* End PBXGroup section */

/* Begin PBXNativeTarget section */
		046D425C1E9DCDC800624E77 /* SoupReader */ = {
			isa = PBXNativeTarget;
			buildConfigurationList = 046D42851E9DCDC800624E77 /* Build configuration list for PBXNativeTarget "SoupReader" */;
			buildPhases = (
				655C3F166FAF5782411A5884 /* [CP] Check Pods Manifest.lock */,
				046D42591E9DCDC800624E77 /* Sources */,
				046D425A1E9DCDC800624E77 /* Frameworks */,
				046D425B1E9DCDC800624E77 /* Resources */,
				2DFC69B2F6CA0F92B184F7B9 /* [CP] Embed Pods Frameworks */,
				D0B99B7D94B903C09A3CAC22 /* [CP] Copy Pods Resources */,
			);
			buildRules = (
			);
			dependencies = (
			);
			name = SoupReader;
			productName = SoupReader;
			productReference = 046D425D1E9DCDC800624E77 /* SoupReader.app */;
			productType = "com.apple.product-type.application";
		};
		046D42701E9DCDC800624E77 /* SoupReaderTests */ = {
			isa = PBXNativeTarget;
			buildConfigurationList = 046D42881E9DCDC800624E77 /* Build configuration list for PBXNativeTarget "SoupReaderTests" */;
			buildPhases = (
				046D426D1E9DCDC800624E77 /* Sources */,
				046D426E1E9DCDC800624E77 /* Frameworks */,
				046D426F1E9DCDC800624E77 /* Resources */,
			);
			buildRules = (
			);
			dependencies = (
				046D42731E9DCDC800624E77 /* PBXTargetDependency */,
			);
			name = SoupReaderTests;
			productName = SoupReaderTests;
			productReference = 046D42711E9DCDC800624E77 /* SoupReaderTests.xctest */;
			productType = "com.apple.product-type.bundle.unit-test";
		};
		046D427B1E9DCDC800624E77 /* SoupReaderUITests */ = {
			isa = PBXNativeTarget;
			buildConfigurationList = 046D428B1E9DCDC800624E77 /* Build configuration list for PBXNativeTarget "SoupReaderUITests" */;
			buildPhases = (
				046D42781E9DCDC800624E77 /* Sources */,
				046D42791E9DCDC800624E77 /* Frameworks */,
				046D427A1E9DCDC800624E77 /* Resources */,
			);
			buildRules = (
			);
			dependencies = (
				046D427E1E9DCDC800624E77 /* PBXTargetDependency */,
			);
			name = SoupReaderUITests;
			productName = SoupReaderUITests;
			productReference = 046D427C1E9DCDC800624E77 /* SoupReaderUITests.xctest */;
			productType = "com.apple.product-type.bundle.ui-testing";
		};
/* End PBXNativeTarget section */

/* Begin PBXProject section */
		046D42551E9DCDC800624E77 /* Project object */ = {
			isa = PBXProject;
			attributes = {
				LastSwiftUpdateCheck = 0830;
				LastUpgradeCheck = 0830;
				ORGANIZATIONNAME = "汤坤";
				TargetAttributes = {
					046D425C1E9DCDC800624E77 = {
						CreatedOnToolsVersion = 8.3.1;
						DevelopmentTeam = 56ZD4J8FQ5;
						ProvisioningStyle = Automatic;
					};
					046D42701E9DCDC800624E77 = {
						CreatedOnToolsVersion = 8.3.1;
						DevelopmentTeam = 56ZD4J8FQ5;
						ProvisioningStyle = Automatic;
						TestTargetID = 046D425C1E9DCDC800624E77;
					};
					046D427B1E9DCDC800624E77 = {
						CreatedOnToolsVersion = 8.3.1;
						DevelopmentTeam = 56ZD4J8FQ5;
						ProvisioningStyle = Automatic;
						TestTargetID = 046D425C1E9DCDC800624E77;
					};
				};
			};
			buildConfigurationList = 046D42581E9DCDC800624E77 /* Build configuration list for PBXProject "SoupReader" */;
			compatibilityVersion = "Xcode 3.2";
			developmentRegion = English;
			hasScannedForEncodings = 0;
			knownRegions = (
				en,
				Base,
			);
			mainGroup = 046D42541E9DCDC800624E77;
			productRefGroup = 046D425E1E9DCDC800624E77 /* Products */;
			projectDirPath = "";
			projectRoot = "";
			targets = (
				046D425C1E9DCDC800624E77 /* SoupReader */,
				046D42701E9DCDC800624E77 /* SoupReaderTests */,
				046D427B1E9DCDC800624E77 /* SoupReaderUITests */,
			);
		};
/* End PBXProject section */

/* Begin PBXResourcesBuildPhase section */
		046D425B1E9DCDC800624E77 /* Resources */ = {
			isa = PBXResourcesBuildPhase;
			buildActionMask = 2147483647;
			files = (
				046D426B1E9DCDC800624E77 /* LaunchScreen.storyboard in Resources */,
				046D42681E9DCDC800624E77 /* Assets.xcassets in Resources */,
				046D42961E9DD28D00624E77 /* Discover.storyboard in Resources */,
				046D42941E9DD26D00624E77 /* Blog.storyboard in Resources */,
				046D42661E9DCDC800624E77 /* Main.storyboard in Resources */,
				046D42C81E9F1D8300624E77 /* Setting.storyboard in Resources */,
			);
			runOnlyForDeploymentPostprocessing = 0;
		};
		046D426F1E9DCDC800624E77 /* Resources */ = {
			isa = PBXResourcesBuildPhase;
			buildActionMask = 2147483647;
			files = (
			);
			runOnlyForDeploymentPostprocessing = 0;
		};
		046D427A1E9DCDC800624E77 /* Resources */ = {
			isa = PBXResourcesBuildPhase;
			buildActionMask = 2147483647;
			files = (
			);
			runOnlyForDeploymentPostprocessing = 0;
		};
/* End PBXResourcesBuildPhase section */

/* Begin PBXShellScriptBuildPhase section */
		2DFC69B2F6CA0F92B184F7B9 /* [CP] Embed Pods Frameworks */ = {
			isa = PBXShellScriptBuildPhase;
			buildActionMask = 2147483647;
			files = (
			);
			inputPaths = (
			);
			name = "[CP] Embed Pods Frameworks";
			outputPaths = (
			);
			runOnlyForDeploymentPostprocessing = 0;
			shellPath = /bin/sh;
			shellScript = "\"${SRCROOT}/Pods/Target Support Files/Pods-SoupReader/Pods-SoupReader-frameworks.sh\"\n";
			showEnvVarsInLog = 0;
		};
		655C3F166FAF5782411A5884 /* [CP] Check Pods Manifest.lock */ = {
			isa = PBXShellScriptBuildPhase;
			buildActionMask = 2147483647;
			files = (
			);
			inputPaths = (
			);
			name = "[CP] Check Pods Manifest.lock";
			outputPaths = (
			);
			runOnlyForDeploymentPostprocessing = 0;
			shellPath = /bin/sh;
			shellScript = "diff \"${PODS_ROOT}/../Podfile.lock\" \"${PODS_ROOT}/Manifest.lock\" > /dev/null\nif [ $? != 0 ] ; then\n    # print error to STDERR\n    echo \"error: The sandbox is not in sync with the Podfile.lock. Run 'pod install' or update your CocoaPods installation.\" >&2\n    exit 1\nfi\n";
			showEnvVarsInLog = 0;
		};
		D0B99B7D94B903C09A3CAC22 /* [CP] Copy Pods Resources */ = {
			isa = PBXShellScriptBuildPhase;
			buildActionMask = 2147483647;
			files = (
			);
			inputPaths = (
			);
			name = "[CP] Copy Pods Resources";
			outputPaths = (
			);
			runOnlyForDeploymentPostprocessing = 0;
			shellPath = /bin/sh;
			shellScript = "\"${SRCROOT}/Pods/Target Support Files/Pods-SoupReader/Pods-SoupReader-resources.sh\"\n";
			showEnvVarsInLog = 0;
		};
/* End PBXShellScriptBuildPhase section */

/* Begin PBXSourcesBuildPhase section */
		046D42591E9DCDC800624E77 /* Sources */ = {
			isa = PBXSourcesBuildPhase;
			buildActionMask = 2147483647;
			files = (
				045FB4D51EA988CE00D552AA /* UIColorExtension.swift in Sources */,
				046D42CB1E9F1ED000624E77 /* SettingTableViewController.swift in Sources */,
				046D42C61E9F09CD00624E77 /* DiscoverMainTableViewController.swift in Sources */,
				046D42CD1E9F5FD200624E77 /* ReadingViewController.swift in Sources */,
				046D42A31E9E052700624E77 /* TagBean.swift in Sources */,
				046D42631E9DCDC800624E77 /* ViewController.swift in Sources */,
				046D42BF1E9E294D00624E77 /* XPathQuery.m in Sources */,
				046D42AB1E9E101700624E77 /* BlogMainTableViewCell.swift in Sources */,
				046D42911E9DCFE800624E77 /* HttpClient.swift in Sources */,
				046D429E1E9DD65D00624E77 /* StringExtension.swift in Sources */,
				045FB4F01EAA01FB00D552AA /* ImageViewController.swift in Sources */,
				046D429C1E9DD5F700624E77 /* ViewControllerExtension.swift in Sources */,
				046D42C11E9E294D00624E77 /* TFHpple.m in Sources */,
				046D42AD1E9E116700624E77 /* MainViewController.swift in Sources */,
				046D42A81E9E0EB300624E77 /* BlogMainTableViewController.swift in Sources */,
				046D42CF1E9F7B4B00624E77 /* ReadContext.swift in Sources */,
				046D42611E9DCDC800624E77 /* AppDelegate.swift in Sources */,
				046D42C01E9E294D00624E77 /* TFHppleElement.m in Sources */,
			);
			runOnlyForDeploymentPostprocessing = 0;
		};
		046D426D1E9DCDC800624E77 /* Sources */ = {
			isa = PBXSourcesBuildPhase;
			buildActionMask = 2147483647;
			files = (
				046D42761E9DCDC800624E77 /* SoupReaderTests.swift in Sources */,
			);
			runOnlyForDeploymentPostprocessing = 0;
		};
		046D42781E9DCDC800624E77 /* Sources */ = {
			isa = PBXSourcesBuildPhase;
			buildActionMask = 2147483647;
			files = (
				046D42811E9DCDC800624E77 /* SoupReaderUITests.swift in Sources */,
			);
			runOnlyForDeploymentPostprocessing = 0;
		};
/* End PBXSourcesBuildPhase section */

/* Begin PBXTargetDependency section */
		046D42731E9DCDC800624E77 /* PBXTargetDependency */ = {
			isa = PBXTargetDependency;
			target = 046D425C1E9DCDC800624E77 /* SoupReader */;
			targetProxy = 046D42721E9DCDC800624E77 /* PBXContainerItemProxy */;
		};
		046D427E1E9DCDC800624E77 /* PBXTargetDependency */ = {
			isa = PBXTargetDependency;
			target = 046D425C1E9DCDC800624E77 /* SoupReader */;
			targetProxy = 046D427D1E9DCDC800624E77 /* PBXContainerItemProxy */;
		};
/* End PBXTargetDependency section */

/* Begin PBXVariantGroup section */
		046D42641E9DCDC800624E77 /* Main.storyboard */ = {
			isa = PBXVariantGroup;
			children = (
				046D42651E9DCDC800624E77 /* Base */,
			);
			name = Main.storyboard;
			sourceTree = "<group>";
		};
		046D42691E9DCDC800624E77 /* LaunchScreen.storyboard */ = {
			isa = PBXVariantGroup;
			children = (
				046D426A1E9DCDC800624E77 /* Base */,
			);
			name = LaunchScreen.storyboard;
			sourceTree = "<group>";
		};
/* End PBXVariantGroup section */

/* Begin XCBuildConfiguration section */
		046D42831E9DCDC800624E77 /* Debug */ = {
			isa = XCBuildConfiguration;
			buildSettings = {
				ALWAYS_SEARCH_USER_PATHS = NO;
				CLANG_ANALYZER_NONNULL = YES;
				CLANG_ANALYZER_NUMBER_OBJECT_CONVERSION = YES_AGGRESSIVE;
				CLANG_CXX_LANGUAGE_STANDARD = "gnu++0x";
				CLANG_CXX_LIBRARY = "libc++";
				CLANG_ENABLE_MODULES = YES;
				CLANG_ENABLE_OBJC_ARC = YES;
				CLANG_WARN_BOOL_CONVERSION = YES;
				CLANG_WARN_CONSTANT_CONVERSION = YES;
				CLANG_WARN_DIRECT_OBJC_ISA_USAGE = YES_ERROR;
				CLANG_WARN_DOCUMENTATION_COMMENTS = YES;
				CLANG_WARN_EMPTY_BODY = YES;
				CLANG_WARN_ENUM_CONVERSION = YES;
				CLANG_WARN_INFINITE_RECURSION = YES;
				CLANG_WARN_INT_CONVERSION = YES;
				CLANG_WARN_OBJC_ROOT_CLASS = YES_ERROR;
				CLANG_WARN_SUSPICIOUS_MOVE = YES;
				CLANG_WARN_UNREACHABLE_CODE = YES;
				CLANG_WARN__DUPLICATE_METHOD_MATCH = YES;
				"CODE_SIGN_IDENTITY[sdk=iphoneos*]" = "iPhone Developer";
				COPY_PHASE_STRIP = NO;
				DEBUG_INFORMATION_FORMAT = dwarf;
				ENABLE_STRICT_OBJC_MSGSEND = YES;
				ENABLE_TESTABILITY = YES;
				GCC_C_LANGUAGE_STANDARD = gnu99;
				GCC_DYNAMIC_NO_PIC = NO;
				GCC_NO_COMMON_BLOCKS = YES;
				GCC_OPTIMIZATION_LEVEL = 0;
				GCC_PREPROCESSOR_DEFINITIONS = (
					"DEBUG=1",
					"$(inherited)",
				);
				GCC_WARN_64_TO_32_BIT_CONVERSION = YES;
				GCC_WARN_ABOUT_RETURN_TYPE = YES_ERROR;
				GCC_WARN_UNDECLARED_SELECTOR = YES;
				GCC_WARN_UNINITIALIZED_AUTOS = YES_AGGRESSIVE;
				GCC_WARN_UNUSED_FUNCTION = YES;
				GCC_WARN_UNUSED_VARIABLE = YES;
				IPHONEOS_DEPLOYMENT_TARGET = 10.3;
				MTL_ENABLE_DEBUG_INFO = YES;
				ONLY_ACTIVE_ARCH = YES;
				SDKROOT = iphoneos;
				SWIFT_ACTIVE_COMPILATION_CONDITIONS = DEBUG;
				SWIFT_OPTIMIZATION_LEVEL = "-Onone";
				TARGETED_DEVICE_FAMILY = "1,2";
			};
			name = Debug;
		};
		046D42841E9DCDC800624E77 /* Release */ = {
			isa = XCBuildConfiguration;
			buildSettings = {
				ALWAYS_SEARCH_USER_PATHS = NO;
				CLANG_ANALYZER_NONNULL = YES;
				CLANG_ANALYZER_NUMBER_OBJECT_CONVERSION = YES_AGGRESSIVE;
				CLANG_CXX_LANGUAGE_STANDARD = "gnu++0x";
				CLANG_CXX_LIBRARY = "libc++";
				CLANG_ENABLE_MODULES = YES;
				CLANG_ENABLE_OBJC_ARC = YES;
				CLANG_WARN_BOOL_CONVERSION = YES;
				CLANG_WARN_CONSTANT_CONVERSION = YES;
				CLANG_WARN_DIRECT_OBJC_ISA_USAGE = YES_ERROR;
				CLANG_WARN_DOCUMENTATION_COMMENTS = YES;
				CLANG_WARN_EMPTY_BODY = YES;
				CLANG_WARN_ENUM_CONVERSION = YES;
				CLANG_WARN_INFINITE_RECURSION = YES;
				CLANG_WARN_INT_CONVERSION = YES;
				CLANG_WARN_OBJC_ROOT_CLASS = YES_ERROR;
				CLANG_WARN_SUSPICIOUS_MOVE = YES;
				CLANG_WARN_UNREACHABLE_CODE = YES;
				CLANG_WARN__DUPLICATE_METHOD_MATCH = YES;
				"CODE_SIGN_IDENTITY[sdk=iphoneos*]" = "iPhone Developer";
				COPY_PHASE_STRIP = NO;
				DEBUG_INFORMATION_FORMAT = "dwarf-with-dsym";
				ENABLE_NS_ASSERTIONS = NO;
				ENABLE_STRICT_OBJC_MSGSEND = YES;
				GCC_C_LANGUAGE_STANDARD = gnu99;
				GCC_NO_COMMON_BLOCKS = YES;
				GCC_WARN_64_TO_32_BIT_CONVERSION = YES;
				GCC_WARN_ABOUT_RETURN_TYPE = YES_ERROR;
				GCC_WARN_UNDECLARED_SELECTOR = YES;
				GCC_WARN_UNINITIALIZED_AUTOS = YES_AGGRESSIVE;
				GCC_WARN_UNUSED_FUNCTION = YES;
				GCC_WARN_UNUSED_VARIABLE = YES;
				IPHONEOS_DEPLOYMENT_TARGET = 10.3;
				MTL_ENABLE_DEBUG_INFO = NO;
				SDKROOT = iphoneos;
				SWIFT_OPTIMIZATION_LEVEL = "-Owholemodule";
				TARGETED_DEVICE_FAMILY = "1,2";
				VALIDATE_PRODUCT = YES;
			};
			name = Release;
		};
		046D42861E9DCDC800624E77 /* Debug */ = {
			isa = XCBuildConfiguration;
			baseConfigurationReference = 4F4498E3B7CD38B5BAA17598 /* Pods-SoupReader.debug.xcconfig */;
			buildSettings = {
				ASSETCATALOG_COMPILER_APPICON_NAME = AppIcon;
				DEVELOPMENT_TEAM = 56ZD4J8FQ5;
				INFOPLIST_FILE = SoupReader/Info.plist;
				LD_RUNPATH_SEARCH_PATHS = "$(inherited) @executable_path/Frameworks";
				PRODUCT_BUNDLE_IDENTIFIER = com.soup.SoupReader;
				PRODUCT_NAME = "$(TARGET_NAME)";
				SWIFT_OBJC_BRIDGING_HEADER = SoupReader/OCHeader.h;
				SWIFT_VERSION = 3.0;
				TARGETED_DEVICE_FAMILY = 1;
			};
			name = Debug;
		};
		046D42871E9DCDC800624E77 /* Release */ = {
			isa = XCBuildConfiguration;
			baseConfigurationReference = E329E4E24812A6BFD1D99A82 /* Pods-SoupReader.release.xcconfig */;
			buildSettings = {
				ASSETCATALOG_COMPILER_APPICON_NAME = AppIcon;
				DEVELOPMENT_TEAM = 56ZD4J8FQ5;
				INFOPLIST_FILE = SoupReader/Info.plist;
				LD_RUNPATH_SEARCH_PATHS = "$(inherited) @executable_path/Frameworks";
				PRODUCT_BUNDLE_IDENTIFIER = com.soup.SoupReader;
				PRODUCT_NAME = "$(TARGET_NAME)";
				SWIFT_OBJC_BRIDGING_HEADER = SoupReader/OCHeader.h;
				SWIFT_VERSION = 3.0;
				TARGETED_DEVICE_FAMILY = 1;
			};
			name = Release;
		};
		046D42891E9DCDC800624E77 /* Debug */ = {
			isa = XCBuildConfiguration;
			buildSettings = {
				ALWAYS_EMBED_SWIFT_STANDARD_LIBRARIES = YES;
				BUNDLE_LOADER = "$(TEST_HOST)";
				DEVELOPMENT_TEAM = 56ZD4J8FQ5;
				INFOPLIST_FILE = SoupReaderTests/Info.plist;
				LD_RUNPATH_SEARCH_PATHS = "$(inherited) @executable_path/Frameworks @loader_path/Frameworks";
				PRODUCT_BUNDLE_IDENTIFIER = com.soup.SoupReaderTests;
				PRODUCT_NAME = "$(TARGET_NAME)";
				SWIFT_VERSION = 3.0;
				TEST_HOST = "$(BUILT_PRODUCTS_DIR)/SoupReader.app/SoupReader";
			};
			name = Debug;
		};
		046D428A1E9DCDC800624E77 /* Release */ = {
			isa = XCBuildConfiguration;
			buildSettings = {
				ALWAYS_EMBED_SWIFT_STANDARD_LIBRARIES = YES;
				BUNDLE_LOADER = "$(TEST_HOST)";
				DEVELOPMENT_TEAM = 56ZD4J8FQ5;
				INFOPLIST_FILE = SoupReaderTests/Info.plist;
				LD_RUNPATH_SEARCH_PATHS = "$(inherited) @executable_path/Frameworks @loader_path/Frameworks";
				PRODUCT_BUNDLE_IDENTIFIER = com.soup.SoupReaderTests;
				PRODUCT_NAME = "$(TARGET_NAME)";
				SWIFT_VERSION = 3.0;
				TEST_HOST = "$(BUILT_PRODUCTS_DIR)/SoupReader.app/SoupReader";
			};
			name = Release;
		};
		046D428C1E9DCDC800624E77 /* Debug */ = {
			isa = XCBuildConfiguration;
			buildSettings = {
				ALWAYS_EMBED_SWIFT_STANDARD_LIBRARIES = YES;
				DEVELOPMENT_TEAM = 56ZD4J8FQ5;
				INFOPLIST_FILE = SoupReaderUITests/Info.plist;
				LD_RUNPATH_SEARCH_PATHS = "$(inherited) @executable_path/Frameworks @loader_path/Frameworks";
				PRODUCT_BUNDLE_IDENTIFIER = com.soup.SoupReaderUITests;
				PRODUCT_NAME = "$(TARGET_NAME)";
				SWIFT_VERSION = 3.0;
				TEST_TARGET_NAME = SoupReader;
			};
			name = Debug;
		};
		046D428D1E9DCDC800624E77 /* Release */ = {
			isa = XCBuildConfiguration;
			buildSettings = {
				ALWAYS_EMBED_SWIFT_STANDARD_LIBRARIES = YES;
				DEVELOPMENT_TEAM = 56ZD4J8FQ5;
				INFOPLIST_FILE = SoupReaderUITests/Info.plist;
				LD_RUNPATH_SEARCH_PATHS = "$(inherited) @executable_path/Frameworks @loader_path/Frameworks";
				PRODUCT_BUNDLE_IDENTIFIER = com.soup.SoupReaderUITests;
				PRODUCT_NAME = "$(TARGET_NAME)";
				SWIFT_VERSION = 3.0;
				TEST_TARGET_NAME = SoupReader;
			};
			name = Release;
		};
/* End XCBuildConfiguration section */

/* Begin XCConfigurationList section */
		046D42581E9DCDC800624E77 /* Build configuration list for PBXProject "SoupReader" */ = {
			isa = XCConfigurationList;
			buildConfigurations = (
				046D42831E9DCDC800624E77 /* Debug */,
				046D42841E9DCDC800624E77 /* Release */,
			);
			defaultConfigurationIsVisible = 0;
			defaultConfigurationName = Release;
		};
		046D42851E9DCDC800624E77 /* Build configuration list for PBXNativeTarget "SoupReader" */ = {
			isa = XCConfigurationList;
			buildConfigurations = (
				046D42861E9DCDC800624E77 /* Debug */,
				046D42871E9DCDC800624E77 /* Release */,
			);
			defaultConfigurationIsVisible = 0;
			defaultConfigurationName = Release;
		};
		046D42881E9DCDC800624E77 /* Build configuration list for PBXNativeTarget "SoupReaderTests" */ = {
			isa = XCConfigurationList;
			buildConfigurations = (
				046D42891E9DCDC800624E77 /* Debug */,
				046D428A1E9DCDC800624E77 /* Release */,
			);
			defaultConfigurationIsVisible = 0;
			defaultConfigurationName = Release;
		};
		046D428B1E9DCDC800624E77 /* Build configuration list for PBXNativeTarget "SoupReaderUITests" */ = {
			isa = XCConfigurationList;
			buildConfigurations = (
				046D428C1E9DCDC800624E77 /* Debug */,
				046D428D1E9DCDC800624E77 /* Release */,
			);
			defaultConfigurationIsVisible = 0;
			defaultConfigurationName = Release;
		};
/* End XCConfigurationList section */
	};
	rootObject = 046D42551E9DCDC800624E77 /* Project object */;
}
